
Microsoft Visual Studio Solution File, Format Version 12.00
# Visual Studio 15
VisualStudioVersion = 15.0.28307.1022
MinimumVisualStudioVersion = 10.0.40219.1
Project("{9A19103F-16F7-4668-BE54-9A1E7A4F7556}") = "VentingHere", "VentingHere\VentingHere.csproj", "{AF6052B8-530D-4C26-B9BB-E2F3223CF07B}"
EndProject
Project("{9A19103F-16F7-4668-BE54-9A1E7A4F7556}") = "VentingHere.Application", "VentingHere.Application\VentingHere.Application.csproj", "{84D811D0-9BC6-47D3-948B-0A44AD508BCA}"
EndProject
Project("{9A19103F-16F7-4668-BE54-9A1E7A4F7556}") = "VentingHere.Domain", "VentingHere.Domain\VentingHere.Domain.csproj", "{7D8D5CC8-C658-4C85-8FE3-024D9394EAC1}"
EndProject
Project("{9A19103F-16F7-4668-BE54-9A1E7A4F7556}") = "VentingHere.Infra", "VentingHere.Infra\VentingHere.Infra.csproj", "{549925DB-FEF0-4341-9073-B80CE7A1AC7B}"
EndProject
Project("{2150E333-8FDC-42A3-9474-1A3956D46DE8}") = "0 - Presentation", "0 - Presentation", "{C5ECEF25-D835-4E4B-9F1F-56D338ADCB6C}"
EndProject
Project("{2150E333-8FDC-42A3-9474-1A3956D46DE8}") = "1 - Application", "1 - Application", "{C92C6B0E-C6FA-4135-B68E-88A532E332A7}"
EndProject
Project("{2150E333-8FDC-42A3-9474-1A3956D46DE8}") = "2 - Domain", "2 - Domain", "{A7E053E2-C0AC-4AD1-B145-6BFB3BD6FCD9}"
EndProject
Project("{2150E333-8FDC-42A3-9474-1A3956D46DE8}") = "3 - Infra", "3 - Infra", "{7040F0FD-781C-49B6-A056-0436D54A5866}"
EndProject
Global
	GlobalSection(SolutionConfigurationPlatforms) = preSolution
		Debug|Any CPU = Debug|Any CPU
		Release|Any CPU = Release|Any CPU
	EndGlobalSection
	GlobalSection(ProjectConfigurationPlatforms) = postSolution
		{AF6052B8-530D-4C26-B9BB-E2F3223CF07B}.Debug|Any CPU.ActiveCfg = Debug|Any CPU
		{AF6052B8-530D-4C26-B9BB-E2F3223CF07B}.Debug|Any CPU.Build.0 = Debug|Any CPU
		{AF6052B8-530D-4C26-B9BB-E2F3223CF07B}.Release|Any CPU.ActiveCfg = Release|Any CPU
		{AF6052B8-530D-4C26-B9BB-E2F3223CF07B}.Release|Any CPU.Build.0 = Release|Any CPU
		{84D811D0-9BC6-47D3-948B-0A44AD508BCA}.Debug|Any CPU.ActiveCfg = Debug|Any CPU
		{84D811D0-9BC6-47D3-948B-0A44AD508BCA}.Debug|Any CPU.Build.0 = Debug|Any CPU
		{84D811D0-9BC6-47D3-948B-0A44AD508BCA}.Release|Any CPU.ActiveCfg = Release|Any CPU
		{84D811D0-9BC6-47D3-948B-0A44AD508BCA}.Release|Any CPU.Build.0 = Release|Any CPU
		{7D8D5CC8-C658-4C85-8FE3-024D9394EAC1}.Debug|Any CPU.ActiveCfg = Debug|Any CPU
		{7D8D5CC8-C658-4C85-8FE3-024D9394EAC1}.Debug|Any CPU.Build.0 = Debug|Any CPU
		{7D8D5CC8-C658-4C85-8FE3-024D9394EAC1}.Release|Any CPU.ActiveCfg = Release|Any CPU
		{7D8D5CC8-C658-4C85-8FE3-024D9394EAC1}.Release|Any CPU.Build.0 = Release|Any CPU
		{549925DB-FEF0-4341-9073-B80CE7A1AC7B}.Debug|Any CPU.ActiveCfg = Debug|Any CPU
		{549925DB-FEF0-4341-9073-B80CE7A1AC7B}.Debug|Any CPU.Build.0 = Debug|Any CPU
		{549925DB-FEF0-4341-9073-B80CE7A1AC7B}.Release|Any CPU.ActiveCfg = Release|Any CPU
		{549925DB-FEF0-4341-9073-B80CE7A1AC7B}.Release|Any CPU.Build.0 = Release|Any CPU
	EndGlobalSection
	GlobalSection(SolutionProperties) = preSolution
		HideSolutionNode = FALSE
	EndGlobalSection
	GlobalSection(NestedProjects) = preSolution
		{AF6052B8-530D-4C26-B9BB-E2F3223CF07B} = {C5ECEF25-D835-4E4B-9F1F-56D338ADCB6C}
		{84D811D0-9BC6-47D3-948B-0A44AD508BCA} = {C92C6B0E-C6FA-4135-B68E-88A532E332A7}
		{7D8D5CC8-C658-4C85-8FE3-024D9394EAC1} = {A7E053E2-C0AC-4AD1-B145-6BFB3BD6FCD9}
		{549925DB-FEF0-4341-9073-B80CE7A1AC7B} = {7040F0FD-781C-49B6-A056-0436D54A5866}
	EndGlobalSection
	GlobalSection(ExtensibilityGlobals) = postSolution
		SolutionGuid = {300D2837-A0CE-40C6-86BB-E5A9E6531906}
	EndGlobalSection
EndGlobal
